
Microsoft Visual Studio Solution File, Format Version 12.00
# Visual Studio 2012
Project("{FAE04EC0-301F-11D3-BF4B-00C04F79EFBC}") = "1 SpriteDrawing", "1 SpriteDrawing\1 SpriteDrawing.csproj", "{07F24264-227B-4B09-85FD-816D7EE352D3}"
EndProject
Project("{FAE04EC0-301F-11D3-BF4B-00C04F79EFBC}") = "2 ModelDrawing", "2 ModelDrawing\2 ModelDrawing.csproj", "{817BF123-186B-4376-9332-B9CA2CFA0E3E}"
EndProject
Project("{FAE04EC0-301F-11D3-BF4B-00C04F79EFBC}") = "3 SceneTest", "3 SceneTest\3 SceneTest.csproj", "{CE29A59F-3400-4C87-8D53-320B9E365C6C}"
EndProject
Project("{FAE04EC0-301F-11D3-BF4B-00C04F79EFBC}") = "4 Collada", "4 Collada\4 Collada.csproj", "{FF89A7CD-9431-4E86-B68C-50EF25328593}"
EndProject
Project("{FAE04EC0-301F-11D3-BF4B-00C04F79EFBC}") = "5 Skybox", "5 Skybox\5 Skybox.csproj", "{D3A5818B-5917-424E-AFF5-75BBFEECC842}"
EndProject
Project("{FAE04EC0-301F-11D3-BF4B-00C04F79EFBC}") = "Engine", "Engine\Engine.csproj", "{A4BAC380-82CB-4DB8-953F-A291F0BEF559}"
EndProject
Project("{FAE04EC0-301F-11D3-BF4B-00C04F79EFBC}") = "Z Game Logic", "Z Game Logic\Z Game Logic.csproj", "{B2FD073B-C51B-4FD8-9EE2-7408E4F86B1C}"
EndProject
Project("{FAE04EC0-301F-11D3-BF4B-00C04F79EFBC}") = "6 Terrain", "6 Terrain\6 Terrain.csproj", "{8CEE7DC9-F0DB-471A-8296-42FD46CC65F1}"
EndProject
Project("{2150E333-8FDC-42A3-9474-1A3956D46DE8}") = ".nuget", ".nuget", "{0C3F6AF7-3FB9-4008-AF42-67F6997077F1}"
	ProjectSection(SolutionItems) = preProject
		.nuget\NuGet.Config = .nuget\NuGet.Config
		.nuget\NuGet.exe = .nuget\NuGet.exe
		.nuget\NuGet.targets = .nuget\NuGet.targets
	EndProjectSection
EndProject
Project("{2150E333-8FDC-42A3-9474-1A3956D46DE8}") = "Solution Items", "Solution Items", "{E510EEF8-84D0-4A28-9E35-5B55A34893CC}"
	ProjectSection(SolutionItems) = preProject
		Effect Compile x64.cmd = Effect Compile x64.cmd
		Effect Compile x86.cmd = Effect Compile x86.cmd
	EndProjectSection
EndProject
Project("{FAE04EC0-301F-11D3-BF4B-00C04F79EFBC}") = "7 Deferred", "7 Deferred\7 Deferred.csproj", "{8D6E5A81-11E2-478E-97B9-14CCC15BB396}"
EndProject
Project("{FAE04EC0-301F-11D3-BF4B-00C04F79EFBC}") = "8 Heightmap", "8 Heightmap\8 Heightmap.csproj", "{5F35C198-01BF-48A9-887C-2A99390226E0}"
EndProject
Project("{2150E333-8FDC-42A3-9474-1A3956D46DE8}") = "Blender", "Blender", "{4F0CF2E9-B1BE-4D46-B890-FBFA1253331A}"
	ProjectSection(SolutionItems) = preProject
		Blender\aniCube.blend = Blender\aniCube.blend
		Blender\aniCube.png = Blender\aniCube.png
		Blender\baneblade.blend = Blender\baneblade.blend
		Blender\capital ship.blend = Blender\capital ship.blend
		Blender\cube_1.blend = Blender\cube_1.blend
		Blender\cube_2.blend = Blender\cube_2.blend
		Blender\cube_3.blend = Blender\cube_3.blend
		Blender\cube_4.blend = Blender\cube_4.blend
		Blender\garage.blend = Blender\garage.blend
		Blender\ground.blend = Blender\ground.blend
		Blender\ground.png = Blender\ground.png
		Blender\helicopter - black.png = Blender\helicopter - black.png
		Blender\helicopter - gray.png = Blender\helicopter - gray.png
		Blender\helicopter - green.png = Blender\helicopter - green.png
		Blender\helicopter - tires.png = Blender\helicopter - tires.png
		Blender\helicopter.blend = Blender\helicopter.blend
		Blender\helipod.blend = Blender\helipod.blend
		Blender\human.blend = Blender\human.blend
		Blender\jagdpanther.blend = Blender\jagdpanther.blend
		Blender\leafs1.jpg = Blender\leafs1.jpg
		Blender\leafs1a.jpg = Blender\leafs1a.jpg
		Blender\Leopard.blend = Blender\Leopard.blend
		Blender\Leopard.bmp = Blender\Leopard.bmp
		Blender\obelisk.blend = Blender\obelisk.blend
		Blender\poly.blend = Blender\poly.blend
		Blender\poly.png = Blender\poly.png
		Blender\rocks.blend = Blender\rocks.blend
		Blender\ruins.blend = Blender\ruins.blend
		Blender\soldier.blend = Blender\soldier.blend
		Blender\soldier.jpg = Blender\soldier.jpg
		Blender\tank.blend = Blender\tank.blend
		Blender\terrain.blend = Blender\terrain.blend
		Blender\terrain.png = Blender\terrain.png
		Blender\terrain_nmap.png = Blender\terrain_nmap.png
		Blender\torch.blend = Blender\torch.blend
		Blender\tree1.blend = Blender\tree1.blend
		Blender\tree2.blend = Blender\tree2.blend
		Blender\tree2_bark_albedo.png = Blender\tree2_bark_albedo.png
		Blender\tree2_bark_normal.png = Blender\tree2_bark_normal.png
		Blender\tree2_bark_specular.png = Blender\tree2_bark_specular.png
		Blender\tree2_bushes_albedo.png = Blender\tree2_bushes_albedo.png
		Blender\tree2_bushes_normal.png = Blender\tree2_bushes_normal.png
		Blender\tree2_bushes_specular.png = Blender\tree2_bushes_specular.png
		Blender\two_levels.blend = Blender\two_levels.blend
		Blender\wood.jpg = Blender\wood.jpg
	EndProjectSection
EndProject
Project("{2150E333-8FDC-42A3-9474-1A3956D46DE8}") = "Collada", "Collada", "{DCCFC608-FBD4-45F4-83BA-3ED0192AA744}"
	ProjectSection(SolutionItems) = preProject
		Blender\Collada\aniCube.dae = Blender\Collada\aniCube.dae
		Blender\Collada\aniCube.png = Blender\Collada\aniCube.png
		Blender\Collada\baneblade.dae = Blender\Collada\baneblade.dae
		Blender\Collada\bark_albedo.png = Blender\Collada\bark_albedo.png
		Blender\Collada\bark_normal.png = Blender\Collada\bark_normal.png
		Blender\Collada\bark_specular.png = Blender\Collada\bark_specular.png
		Blender\Collada\bushes_albedo.png = Blender\Collada\bushes_albedo.png
		Blender\Collada\bushes_normal.png = Blender\Collada\bushes_normal.png
		Blender\Collada\bushes_specular.png = Blender\Collada\bushes_specular.png
		Blender\Collada\cube_1.dae = Blender\Collada\cube_1.dae
		Blender\Collada\cube_2.dae = Blender\Collada\cube_2.dae
		Blender\Collada\cube_3.dae = Blender\Collada\cube_3.dae
		Blender\Collada\cube_4.dae = Blender\Collada\cube_4.dae
		Blender\Collada\garage.dae = Blender\Collada\garage.dae
		Blender\Collada\ground.dae = Blender\Collada\ground.dae
		Blender\Collada\ground.png = Blender\Collada\ground.png
		Blender\Collada\ground_nmap.png = Blender\Collada\ground_nmap.png
		Blender\Collada\Helicopter - black.png = Blender\Collada\Helicopter - black.png
		Blender\Collada\Helicopter - gray.png = Blender\Collada\Helicopter - gray.png
		Blender\Collada\Helicopter - green.png = Blender\Collada\Helicopter - green.png
		Blender\Collada\helicopter - tires.png = Blender\Collada\helicopter - tires.png
		Blender\Collada\helicopter.dae = Blender\Collada\helicopter.dae
		Blender\Collada\helipod.dae = Blender\Collada\helipod.dae
		Blender\Collada\jagdpanther.dae = Blender\Collada\jagdpanther.dae
		Blender\Collada\leafs1a.jpg = Blender\Collada\leafs1a.jpg
		Blender\Collada\Leopard.dae = Blender\Collada\Leopard.dae
		Blender\Collada\obelisk.dae = Blender\Collada\obelisk.dae
		Blender\Collada\poly.dae = Blender\Collada\poly.dae
		Blender\Collada\Poly.png = Blender\Collada\Poly.png
		Blender\Collada\rocks.dae = Blender\Collada\rocks.dae
		Blender\Collada\ruins.dae = Blender\Collada\ruins.dae
		Blender\Collada\soldier.dae = Blender\Collada\soldier.dae
		Blender\Collada\soldier.jpg = Blender\Collada\soldier.jpg
		Blender\Collada\tank.dae = Blender\Collada\tank.dae
		Blender\Collada\terrain.dae = Blender\Collada\terrain.dae
		Blender\Collada\terrain.png = Blender\Collada\terrain.png
		Blender\Collada\terrain_nmap.png = Blender\Collada\terrain_nmap.png
		Blender\Collada\torch.dae = Blender\Collada\torch.dae
		Blender\Collada\tree1.dae = Blender\Collada\tree1.dae
		Blender\Collada\tree2.dae = Blender\Collada\tree2.dae
		Blender\Collada\two_levels.dae = Blender\Collada\two_levels.dae
		Blender\Collada\wood.jpg = Blender\Collada\wood.jpg
	EndProjectSection
EndProject
Global
	GlobalSection(SolutionConfigurationPlatforms) = preSolution
		Debug|Any CPU = Debug|Any CPU
		Debug|Mixed Platforms = Debug|Mixed Platforms
		Debug|x64 = Debug|x64
		Debug|x86 = Debug|x86
		Release|Any CPU = Release|Any CPU
		Release|Mixed Platforms = Release|Mixed Platforms
		Release|x64 = Release|x64
		Release|x86 = Release|x86
	EndGlobalSection
	GlobalSection(ProjectConfigurationPlatforms) = postSolution
		{07F24264-227B-4B09-85FD-816D7EE352D3}.Debug|Any CPU.ActiveCfg = Debug|Any CPU
		{07F24264-227B-4B09-85FD-816D7EE352D3}.Debug|Any CPU.Build.0 = Debug|Any CPU
		{07F24264-227B-4B09-85FD-816D7EE352D3}.Debug|Mixed Platforms.ActiveCfg = Debug|Any CPU
		{07F24264-227B-4B09-85FD-816D7EE352D3}.Debug|Mixed Platforms.Build.0 = Debug|Any CPU
		{07F24264-227B-4B09-85FD-816D7EE352D3}.Debug|x64.ActiveCfg = Debug|x64
		{07F24264-227B-4B09-85FD-816D7EE352D3}.Debug|x64.Build.0 = Debug|x64
		{07F24264-227B-4B09-85FD-816D7EE352D3}.Debug|x86.ActiveCfg = Debug|x86
		{07F24264-227B-4B09-85FD-816D7EE352D3}.Debug|x86.Build.0 = Debug|x86
		{07F24264-227B-4B09-85FD-816D7EE352D3}.Release|Any CPU.ActiveCfg = Release|Any CPU
		{07F24264-227B-4B09-85FD-816D7EE352D3}.Release|Any CPU.Build.0 = Release|Any CPU
		{07F24264-227B-4B09-85FD-816D7EE352D3}.Release|Mixed Platforms.ActiveCfg = Release|Any CPU
		{07F24264-227B-4B09-85FD-816D7EE352D3}.Release|Mixed Platforms.Build.0 = Release|Any CPU
		{07F24264-227B-4B09-85FD-816D7EE352D3}.Release|x64.ActiveCfg = Release|x64
		{07F24264-227B-4B09-85FD-816D7EE352D3}.Release|x64.Build.0 = Release|x64
		{07F24264-227B-4B09-85FD-816D7EE352D3}.Release|x86.ActiveCfg = Release|x86
		{07F24264-227B-4B09-85FD-816D7EE352D3}.Release|x86.Build.0 = Release|x86
		{817BF123-186B-4376-9332-B9CA2CFA0E3E}.Debug|Any CPU.ActiveCfg = Debug|Any CPU
		{817BF123-186B-4376-9332-B9CA2CFA0E3E}.Debug|Any CPU.Build.0 = Debug|Any CPU
		{817BF123-186B-4376-9332-B9CA2CFA0E3E}.Debug|Mixed Platforms.ActiveCfg = Debug|Any CPU
		{817BF123-186B-4376-9332-B9CA2CFA0E3E}.Debug|Mixed Platforms.Build.0 = Debug|Any CPU
		{817BF123-186B-4376-9332-B9CA2CFA0E3E}.Debug|x64.ActiveCfg = Debug|x64
		{817BF123-186B-4376-9332-B9CA2CFA0E3E}.Debug|x64.Build.0 = Debug|x64
		{817BF123-186B-4376-9332-B9CA2CFA0E3E}.Debug|x86.ActiveCfg = Debug|x86
		{817BF123-186B-4376-9332-B9CA2CFA0E3E}.Debug|x86.Build.0 = Debug|x86
		{817BF123-186B-4376-9332-B9CA2CFA0E3E}.Release|Any CPU.ActiveCfg = Release|Any CPU
		{817BF123-186B-4376-9332-B9CA2CFA0E3E}.Release|Any CPU.Build.0 = Release|Any CPU
		{817BF123-186B-4376-9332-B9CA2CFA0E3E}.Release|Mixed Platforms.ActiveCfg = Release|Any CPU
		{817BF123-186B-4376-9332-B9CA2CFA0E3E}.Release|Mixed Platforms.Build.0 = Release|Any CPU
		{817BF123-186B-4376-9332-B9CA2CFA0E3E}.Release|x64.ActiveCfg = Release|x64
		{817BF123-186B-4376-9332-B9CA2CFA0E3E}.Release|x64.Build.0 = Release|x64
		{817BF123-186B-4376-9332-B9CA2CFA0E3E}.Release|x86.ActiveCfg = Release|x86
		{817BF123-186B-4376-9332-B9CA2CFA0E3E}.Release|x86.Build.0 = Release|x86
		{CE29A59F-3400-4C87-8D53-320B9E365C6C}.Debug|Any CPU.ActiveCfg = Debug|Any CPU
		{CE29A59F-3400-4C87-8D53-320B9E365C6C}.Debug|Any CPU.Build.0 = Debug|Any CPU
		{CE29A59F-3400-4C87-8D53-320B9E365C6C}.Debug|Mixed Platforms.ActiveCfg = Debug|Any CPU
		{CE29A59F-3400-4C87-8D53-320B9E365C6C}.Debug|Mixed Platforms.Build.0 = Debug|Any CPU
		{CE29A59F-3400-4C87-8D53-320B9E365C6C}.Debug|x64.ActiveCfg = Debug|x64
		{CE29A59F-3400-4C87-8D53-320B9E365C6C}.Debug|x64.Build.0 = Debug|x64
		{CE29A59F-3400-4C87-8D53-320B9E365C6C}.Debug|x86.ActiveCfg = Debug|x86
		{CE29A59F-3400-4C87-8D53-320B9E365C6C}.Debug|x86.Build.0 = Debug|x86
		{CE29A59F-3400-4C87-8D53-320B9E365C6C}.Release|Any CPU.ActiveCfg = Release|Any CPU
		{CE29A59F-3400-4C87-8D53-320B9E365C6C}.Release|Any CPU.Build.0 = Release|Any CPU
		{CE29A59F-3400-4C87-8D53-320B9E365C6C}.Release|Mixed Platforms.ActiveCfg = Release|Any CPU
		{CE29A59F-3400-4C87-8D53-320B9E365C6C}.Release|Mixed Platforms.Build.0 = Release|Any CPU
		{CE29A59F-3400-4C87-8D53-320B9E365C6C}.Release|x64.ActiveCfg = Release|x64
		{CE29A59F-3400-4C87-8D53-320B9E365C6C}.Release|x64.Build.0 = Release|x64
		{CE29A59F-3400-4C87-8D53-320B9E365C6C}.Release|x86.ActiveCfg = Release|x86
		{CE29A59F-3400-4C87-8D53-320B9E365C6C}.Release|x86.Build.0 = Release|x86
		{FF89A7CD-9431-4E86-B68C-50EF25328593}.Debug|Any CPU.ActiveCfg = Debug|Any CPU
		{FF89A7CD-9431-4E86-B68C-50EF25328593}.Debug|Any CPU.Build.0 = Debug|Any CPU
		{FF89A7CD-9431-4E86-B68C-50EF25328593}.Debug|Mixed Platforms.ActiveCfg = Debug|Any CPU
		{FF89A7CD-9431-4E86-B68C-50EF25328593}.Debug|Mixed Platforms.Build.0 = Debug|Any CPU
		{FF89A7CD-9431-4E86-B68C-50EF25328593}.Debug|x64.ActiveCfg = Debug|x64
		{FF89A7CD-9431-4E86-B68C-50EF25328593}.Debug|x64.Build.0 = Debug|x64
		{FF89A7CD-9431-4E86-B68C-50EF25328593}.Debug|x86.ActiveCfg = Debug|x86
		{FF89A7CD-9431-4E86-B68C-50EF25328593}.Debug|x86.Build.0 = Debug|x86
		{FF89A7CD-9431-4E86-B68C-50EF25328593}.Release|Any CPU.ActiveCfg = Release|Any CPU
		{FF89A7CD-9431-4E86-B68C-50EF25328593}.Release|Any CPU.Build.0 = Release|Any CPU
		{FF89A7CD-9431-4E86-B68C-50EF25328593}.Release|Mixed Platforms.ActiveCfg = Release|Any CPU
		{FF89A7CD-9431-4E86-B68C-50EF25328593}.Release|Mixed Platforms.Build.0 = Release|Any CPU
		{FF89A7CD-9431-4E86-B68C-50EF25328593}.Release|x64.ActiveCfg = Release|x64
		{FF89A7CD-9431-4E86-B68C-50EF25328593}.Release|x64.Build.0 = Release|x64
		{FF89A7CD-9431-4E86-B68C-50EF25328593}.Release|x86.ActiveCfg = Release|x86
		{FF89A7CD-9431-4E86-B68C-50EF25328593}.Release|x86.Build.0 = Release|x86
		{D3A5818B-5917-424E-AFF5-75BBFEECC842}.Debug|Any CPU.ActiveCfg = Debug|Any CPU
		{D3A5818B-5917-424E-AFF5-75BBFEECC842}.Debug|Any CPU.Build.0 = Debug|Any CPU
		{D3A5818B-5917-424E-AFF5-75BBFEECC842}.Debug|Mixed Platforms.ActiveCfg = Debug|Any CPU
		{D3A5818B-5917-424E-AFF5-75BBFEECC842}.Debug|Mixed Platforms.Build.0 = Debug|Any CPU
		{D3A5818B-5917-424E-AFF5-75BBFEECC842}.Debug|x64.ActiveCfg = Debug|x64
		{D3A5818B-5917-424E-AFF5-75BBFEECC842}.Debug|x64.Build.0 = Debug|x64
		{D3A5818B-5917-424E-AFF5-75BBFEECC842}.Debug|x86.ActiveCfg = Debug|x86
		{D3A5818B-5917-424E-AFF5-75BBFEECC842}.Debug|x86.Build.0 = Debug|x86
		{D3A5818B-5917-424E-AFF5-75BBFEECC842}.Release|Any CPU.ActiveCfg = Release|Any CPU
		{D3A5818B-5917-424E-AFF5-75BBFEECC842}.Release|Any CPU.Build.0 = Release|Any CPU
		{D3A5818B-5917-424E-AFF5-75BBFEECC842}.Release|Mixed Platforms.ActiveCfg = Release|Any CPU
		{D3A5818B-5917-424E-AFF5-75BBFEECC842}.Release|Mixed Platforms.Build.0 = Release|Any CPU
		{D3A5818B-5917-424E-AFF5-75BBFEECC842}.Release|x64.ActiveCfg = Release|x64
		{D3A5818B-5917-424E-AFF5-75BBFEECC842}.Release|x64.Build.0 = Release|x64
		{D3A5818B-5917-424E-AFF5-75BBFEECC842}.Release|x86.ActiveCfg = Release|x86
		{D3A5818B-5917-424E-AFF5-75BBFEECC842}.Release|x86.Build.0 = Release|x86
		{A4BAC380-82CB-4DB8-953F-A291F0BEF559}.Debug|Any CPU.ActiveCfg = Debug|Any CPU
		{A4BAC380-82CB-4DB8-953F-A291F0BEF559}.Debug|Any CPU.Build.0 = Debug|Any CPU
		{A4BAC380-82CB-4DB8-953F-A291F0BEF559}.Debug|Mixed Platforms.ActiveCfg = Debug|Any CPU
		{A4BAC380-82CB-4DB8-953F-A291F0BEF559}.Debug|Mixed Platforms.Build.0 = Debug|Any CPU
		{A4BAC380-82CB-4DB8-953F-A291F0BEF559}.Debug|x64.ActiveCfg = Debug|x64
		{A4BAC380-82CB-4DB8-953F-A291F0BEF559}.Debug|x64.Build.0 = Debug|x64
		{A4BAC380-82CB-4DB8-953F-A291F0BEF559}.Debug|x86.ActiveCfg = Debug|x86
		{A4BAC380-82CB-4DB8-953F-A291F0BEF559}.Debug|x86.Build.0 = Debug|x86
		{A4BAC380-82CB-4DB8-953F-A291F0BEF559}.Release|Any CPU.ActiveCfg = Release|Any CPU
		{A4BAC380-82CB-4DB8-953F-A291F0BEF559}.Release|Any CPU.Build.0 = Release|Any CPU
		{A4BAC380-82CB-4DB8-953F-A291F0BEF559}.Release|Mixed Platforms.ActiveCfg = Release|Any CPU
		{A4BAC380-82CB-4DB8-953F-A291F0BEF559}.Release|Mixed Platforms.Build.0 = Release|Any CPU
		{A4BAC380-82CB-4DB8-953F-A291F0BEF559}.Release|x64.ActiveCfg = Release|x64
		{A4BAC380-82CB-4DB8-953F-A291F0BEF559}.Release|x64.Build.0 = Release|x64
		{A4BAC380-82CB-4DB8-953F-A291F0BEF559}.Release|x86.ActiveCfg = Release|x86
		{A4BAC380-82CB-4DB8-953F-A291F0BEF559}.Release|x86.Build.0 = Release|x86
		{B2FD073B-C51B-4FD8-9EE2-7408E4F86B1C}.Debug|Any CPU.ActiveCfg = Debug|Any CPU
		{B2FD073B-C51B-4FD8-9EE2-7408E4F86B1C}.Debug|Any CPU.Build.0 = Debug|Any CPU
		{B2FD073B-C51B-4FD8-9EE2-7408E4F86B1C}.Debug|Mixed Platforms.ActiveCfg = Debug|Any CPU
		{B2FD073B-C51B-4FD8-9EE2-7408E4F86B1C}.Debug|Mixed Platforms.Build.0 = Debug|Any CPU
		{B2FD073B-C51B-4FD8-9EE2-7408E4F86B1C}.Debug|x64.ActiveCfg = Debug|x64
		{B2FD073B-C51B-4FD8-9EE2-7408E4F86B1C}.Debug|x64.Build.0 = Debug|x64
		{B2FD073B-C51B-4FD8-9EE2-7408E4F86B1C}.Debug|x86.ActiveCfg = Debug|x86
		{B2FD073B-C51B-4FD8-9EE2-7408E4F86B1C}.Debug|x86.Build.0 = Debug|x86
		{B2FD073B-C51B-4FD8-9EE2-7408E4F86B1C}.Release|Any CPU.ActiveCfg = Release|Any CPU
		{B2FD073B-C51B-4FD8-9EE2-7408E4F86B1C}.Release|Any CPU.Build.0 = Release|Any CPU
		{B2FD073B-C51B-4FD8-9EE2-7408E4F86B1C}.Release|Mixed Platforms.ActiveCfg = Release|Any CPU
		{B2FD073B-C51B-4FD8-9EE2-7408E4F86B1C}.Release|Mixed Platforms.Build.0 = Release|Any CPU
		{B2FD073B-C51B-4FD8-9EE2-7408E4F86B1C}.Release|x64.ActiveCfg = Release|x64
		{B2FD073B-C51B-4FD8-9EE2-7408E4F86B1C}.Release|x64.Build.0 = Release|x64
		{B2FD073B-C51B-4FD8-9EE2-7408E4F86B1C}.Release|x86.ActiveCfg = Release|x86
		{B2FD073B-C51B-4FD8-9EE2-7408E4F86B1C}.Release|x86.Build.0 = Release|x86
		{8CEE7DC9-F0DB-471A-8296-42FD46CC65F1}.Debug|Any CPU.ActiveCfg = Debug|Any CPU
		{8CEE7DC9-F0DB-471A-8296-42FD46CC65F1}.Debug|Any CPU.Build.0 = Debug|Any CPU
		{8CEE7DC9-F0DB-471A-8296-42FD46CC65F1}.Debug|Mixed Platforms.ActiveCfg = Debug|Any CPU
		{8CEE7DC9-F0DB-471A-8296-42FD46CC65F1}.Debug|Mixed Platforms.Build.0 = Debug|Any CPU
		{8CEE7DC9-F0DB-471A-8296-42FD46CC65F1}.Debug|x64.ActiveCfg = Debug|x64
		{8CEE7DC9-F0DB-471A-8296-42FD46CC65F1}.Debug|x64.Build.0 = Debug|x64
		{8CEE7DC9-F0DB-471A-8296-42FD46CC65F1}.Debug|x86.ActiveCfg = Debug|x86
		{8CEE7DC9-F0DB-471A-8296-42FD46CC65F1}.Debug|x86.Build.0 = Debug|x86
		{8CEE7DC9-F0DB-471A-8296-42FD46CC65F1}.Release|Any CPU.ActiveCfg = Release|Any CPU
		{8CEE7DC9-F0DB-471A-8296-42FD46CC65F1}.Release|Any CPU.Build.0 = Release|Any CPU
		{8CEE7DC9-F0DB-471A-8296-42FD46CC65F1}.Release|Mixed Platforms.ActiveCfg = Release|Any CPU
		{8CEE7DC9-F0DB-471A-8296-42FD46CC65F1}.Release|Mixed Platforms.Build.0 = Release|Any CPU
		{8CEE7DC9-F0DB-471A-8296-42FD46CC65F1}.Release|x64.ActiveCfg = Release|x64
		{8CEE7DC9-F0DB-471A-8296-42FD46CC65F1}.Release|x64.Build.0 = Release|x64
		{8CEE7DC9-F0DB-471A-8296-42FD46CC65F1}.Release|x86.ActiveCfg = Release|x86
		{8CEE7DC9-F0DB-471A-8296-42FD46CC65F1}.Release|x86.Build.0 = Release|x86
		{8D6E5A81-11E2-478E-97B9-14CCC15BB396}.Debug|Any CPU.ActiveCfg = Debug|Any CPU
		{8D6E5A81-11E2-478E-97B9-14CCC15BB396}.Debug|Any CPU.Build.0 = Debug|Any CPU
		{8D6E5A81-11E2-478E-97B9-14CCC15BB396}.Debug|Mixed Platforms.ActiveCfg = Debug|Any CPU
		{8D6E5A81-11E2-478E-97B9-14CCC15BB396}.Debug|Mixed Platforms.Build.0 = Debug|Any CPU
		{8D6E5A81-11E2-478E-97B9-14CCC15BB396}.Debug|x64.ActiveCfg = Debug|x64
		{8D6E5A81-11E2-478E-97B9-14CCC15BB396}.Debug|x64.Build.0 = Debug|x64
		{8D6E5A81-11E2-478E-97B9-14CCC15BB396}.Debug|x86.ActiveCfg = Debug|x86
		{8D6E5A81-11E2-478E-97B9-14CCC15BB396}.Debug|x86.Build.0 = Debug|x86
		{8D6E5A81-11E2-478E-97B9-14CCC15BB396}.Release|Any CPU.ActiveCfg = Release|Any CPU
		{8D6E5A81-11E2-478E-97B9-14CCC15BB396}.Release|Any CPU.Build.0 = Release|Any CPU
		{8D6E5A81-11E2-478E-97B9-14CCC15BB396}.Release|Mixed Platforms.ActiveCfg = Release|Any CPU
		{8D6E5A81-11E2-478E-97B9-14CCC15BB396}.Release|Mixed Platforms.Build.0 = Release|Any CPU
		{8D6E5A81-11E2-478E-97B9-14CCC15BB396}.Release|x64.ActiveCfg = Release|x64
		{8D6E5A81-11E2-478E-97B9-14CCC15BB396}.Release|x64.Build.0 = Release|x64
		{8D6E5A81-11E2-478E-97B9-14CCC15BB396}.Release|x86.ActiveCfg = Release|x86
		{8D6E5A81-11E2-478E-97B9-14CCC15BB396}.Release|x86.Build.0 = Release|x86
		{5F35C198-01BF-48A9-887C-2A99390226E0}.Debug|Any CPU.ActiveCfg = Debug|Any CPU
		{5F35C198-01BF-48A9-887C-2A99390226E0}.Debug|Any CPU.Build.0 = Debug|Any CPU
		{5F35C198-01BF-48A9-887C-2A99390226E0}.Debug|Mixed Platforms.ActiveCfg = Debug|Any CPU
		{5F35C198-01BF-48A9-887C-2A99390226E0}.Debug|Mixed Platforms.Build.0 = Debug|Any CPU
		{5F35C198-01BF-48A9-887C-2A99390226E0}.Debug|x64.ActiveCfg = Debug|x64
		{5F35C198-01BF-48A9-887C-2A99390226E0}.Debug|x64.Build.0 = Debug|x64
		{5F35C198-01BF-48A9-887C-2A99390226E0}.Debug|x86.ActiveCfg = Debug|x86
		{5F35C198-01BF-48A9-887C-2A99390226E0}.Debug|x86.Build.0 = Debug|x86
		{5F35C198-01BF-48A9-887C-2A99390226E0}.Release|Any CPU.ActiveCfg = Release|Any CPU
		{5F35C198-01BF-48A9-887C-2A99390226E0}.Release|Any CPU.Build.0 = Release|Any CPU
		{5F35C198-01BF-48A9-887C-2A99390226E0}.Release|Mixed Platforms.ActiveCfg = Release|Any CPU
		{5F35C198-01BF-48A9-887C-2A99390226E0}.Release|Mixed Platforms.Build.0 = Release|Any CPU
		{5F35C198-01BF-48A9-887C-2A99390226E0}.Release|x64.ActiveCfg = Release|x64
		{5F35C198-01BF-48A9-887C-2A99390226E0}.Release|x64.Build.0 = Release|x64
		{5F35C198-01BF-48A9-887C-2A99390226E0}.Release|x86.ActiveCfg = Release|x86
		{5F35C198-01BF-48A9-887C-2A99390226E0}.Release|x86.Build.0 = Release|x86
	EndGlobalSection
	GlobalSection(SolutionProperties) = preSolution
		HideSolutionNode = FALSE
	EndGlobalSection
	GlobalSection(NestedProjects) = preSolution
		{4F0CF2E9-B1BE-4D46-B890-FBFA1253331A} = {E510EEF8-84D0-4A28-9E35-5B55A34893CC}
		{DCCFC608-FBD4-45F4-83BA-3ED0192AA744} = {4F0CF2E9-B1BE-4D46-B890-FBFA1253331A}
	EndGlobalSection
EndGlobal
