
Microsoft Visual Studio Solution File, Format Version 12.00
# Visual Studio Version 17
VisualStudioVersion = 17.4.33205.214
MinimumVisualStudioVersion = 10.0.40219.1
Project("{9A19103F-16F7-4668-BE54-9A1E7A4F7556}") = "Resources", "Resources\Resources.csproj", "{28391C85-9275-4E62-A159-3C67DFADC428}"
EndProject
Project("{9A19103F-16F7-4668-BE54-9A1E7A4F7556}") = "Engine", "Engine\Engine.csproj", "{A4BAC380-82CB-4DB8-953F-A291F0BEF559}"
	ProjectSection(ProjectDependencies) = postProject
		{28391C85-9275-4E62-A159-3C67DFADC428} = {28391C85-9275-4E62-A159-3C67DFADC428}
		{F366139B-499B-4557-B1E6-3E74A8F64F74} = {F366139B-499B-4557-B1E6-3E74A8F64F74}
	EndProjectSection
EndProject
Project("{9A19103F-16F7-4668-BE54-9A1E7A4F7556}") = "Engine.Content.FmtObj", "Engine.Content.FmtObj\Engine.Content.FmtObj.csproj", "{18852FDD-B099-4C91-A970-7B4A087B7554}"
EndProject
Project("{9A19103F-16F7-4668-BE54-9A1E7A4F7556}") = "Engine.Content.FmtCollada", "Engine.Content.FmtCollada\Engine.Content.FmtCollada.csproj", "{B5E51939-46DC-412D-A096-E1C892F95FB3}"
EndProject
Project("{9A19103F-16F7-4668-BE54-9A1E7A4F7556}") = "Engine.PathFinding.AStar", "Engine.PathFinding.AStar\Engine.PathFinding.AStar.csproj", "{FCC9AE41-6562-41D4-AB28-FABB017634F9}"
EndProject
Project("{9A19103F-16F7-4668-BE54-9A1E7A4F7556}") = "Engine.PathFinding.RecastNavigation", "Engine.PathFinding.RecastNavigation\Engine.PathFinding.RecastNavigation.csproj", "{0D7D6C77-588E-4371-A815-A58B87653991}"
EndProject
Project("{2150E333-8FDC-42A3-9474-1A3956D46DE8}") = "Samples", "Samples", "{71B5C84F-0784-436B-A0D9-A56594464201}"
EndProject
Project("{9A19103F-16F7-4668-BE54-9A1E7A4F7556}") = "01 SpriteDrawing", "Samples\01 SpriteDrawing\01 SpriteDrawing.csproj", "{A9F0F228-867C-488F-AFDD-6BF53C21EF77}"
EndProject
Project("{9A19103F-16F7-4668-BE54-9A1E7A4F7556}") = "02 ModelDrawing", "Samples\02 ModelDrawing\02 ModelDrawing.csproj", "{C9E6311E-9758-45A1-B8EB-BAB3AF52689C}"
EndProject
Project("{9A19103F-16F7-4668-BE54-9A1E7A4F7556}") = "03 SceneTest", "Samples\03 SceneTest\03 SceneTest.csproj", "{8E6A654D-7764-4568-A0D1-3095965D7044}"
EndProject
Project("{9A19103F-16F7-4668-BE54-9A1E7A4F7556}") = "04 Collada", "Samples\04 Collada\04 Collada.csproj", "{E2B22EDC-0716-4666-BD95-0E20053FF21D}"
EndProject
Project("{9A19103F-16F7-4668-BE54-9A1E7A4F7556}") = "05 Skybox", "Samples\05 Skybox\05 Skybox.csproj", "{C5754ECD-151B-4A16-A510-E657D649AF0D}"
EndProject
Project("{9A19103F-16F7-4668-BE54-9A1E7A4F7556}") = "06 Terrain", "Samples\06 Terrain\06 Terrain.csproj", "{0083A175-DABA-4B8D-892C-5015169737A6}"
EndProject
Project("{9A19103F-16F7-4668-BE54-9A1E7A4F7556}") = "07 Deferred", "Samples\07 Deferred\07 Deferred.csproj", "{889B1F4F-3D57-4AC3-848A-8E036DB94E78}"
EndProject
Project("{9A19103F-16F7-4668-BE54-9A1E7A4F7556}") = "08 Heightmap", "Samples\08 Heightmap\08 Heightmap.csproj", "{3656F006-9CCD-4D55-AEF6-0A83CC57733C}"
EndProject
Project("{9A19103F-16F7-4668-BE54-9A1E7A4F7556}") = "09 Animation", "Samples\09 Animation\09 Animation.csproj", "{D8CCBB69-7FFA-4D24-BDE3-AF491EB3140A}"
EndProject
Project("{9A19103F-16F7-4668-BE54-9A1E7A4F7556}") = "10 Instancing", "Samples\10 Instancing\10 Instancing.csproj", "{9D82F744-6FCB-484A-99A0-1EC38DB7EBD5}"
EndProject
Project("{9A19103F-16F7-4668-BE54-9A1E7A4F7556}") = "Z Game Logic", "Samples\Z Game Logic\Z Game Logic.csproj", "{8D0231E8-F16A-4D2F-B840-C2BAEB0F39A8}"
EndProject
Project("{9A19103F-16F7-4668-BE54-9A1E7A4F7556}") = "Engine.Content.OnePageDungeon", "Engine.Content.OnePageDungeon\Engine.Content.OnePageDungeon.csproj", "{51447110-6F70-4C88-ACF0-070DAF4D3B18}"
EndProject
Project("{2150E333-8FDC-42A3-9474-1A3956D46DE8}") = "Games", "Games", "{8304C9ED-A66A-4217-8FD2-404396F077D3}"
EndProject
Project("{9A19103F-16F7-4668-BE54-9A1E7A4F7556}") = "Tanks", "Games\Tanks\Tanks.csproj", "{87B4A2CA-F402-465D-ACA5-581A55A59969}"
EndProject
Project("{2150E333-8FDC-42A3-9474-1A3956D46DE8}") = "Tests", "Tests", "{EB142A8F-E8BB-4647-88CA-6A91804D5F6A}"
EndProject
Project("{9A19103F-16F7-4668-BE54-9A1E7A4F7556}") = "EngineTests", "Tests\EngineTests\EngineTests.csproj", "{9861580E-7A45-413A-971B-4DCAC955A9FF}"
EndProject
Project("{9A19103F-16F7-4668-BE54-9A1E7A4F7556}") = "Engine.Shaders", "Engine.Shaders\Engine.Shaders.csproj", "{F366139B-499B-4557-B1E6-3E74A8F64F74}"
EndProject
Project("{9A19103F-16F7-4668-BE54-9A1E7A4F7556}") = "Engine.Windows", "Engine.Windows\Engine.Windows.csproj", "{47F5E867-9953-435F-BC45-D6F0EE530ADE}"
EndProject
Project("{9A19103F-16F7-4668-BE54-9A1E7A4F7556}") = "Engine.Physics", "Engine.Physics\Engine.Physics.csproj", "{1AA3248B-53B2-4700-A69F-7570BD83DD6C}"
EndProject
Project("{9A19103F-16F7-4668-BE54-9A1E7A4F7556}") = "11 Physics", "Samples\11 Physics\11 Physics.csproj", "{E8D44F52-0FA7-45AD-B588-446545C67E99}"
EndProject
Project("{9A19103F-16F7-4668-BE54-9A1E7A4F7556}") = "Engine.PhysicsTests", "Tests\Engine.PhysicsTests\Engine.PhysicsTests.csproj", "{718BA6AC-CAD6-4A94-AE8A-8D7C6AD10BBB}"
EndProject
Global
	GlobalSection(SolutionConfigurationPlatforms) = preSolution
		Debug|Any CPU = Debug|Any CPU
		Debug|x64 = Debug|x64
		Debug|x86 = Debug|x86
		Release|Any CPU = Release|Any CPU
		Release|x64 = Release|x64
		Release|x86 = Release|x86
	EndGlobalSection
	GlobalSection(ProjectConfigurationPlatforms) = postSolution
		{28391C85-9275-4E62-A159-3C67DFADC428}.Debug|Any CPU.ActiveCfg = Debug|x86
		{28391C85-9275-4E62-A159-3C67DFADC428}.Debug|Any CPU.Build.0 = Debug|x86
		{28391C85-9275-4E62-A159-3C67DFADC428}.Debug|x64.ActiveCfg = Debug|x86
		{28391C85-9275-4E62-A159-3C67DFADC428}.Debug|x64.Build.0 = Debug|x86
		{28391C85-9275-4E62-A159-3C67DFADC428}.Debug|x86.ActiveCfg = Debug|x86
		{28391C85-9275-4E62-A159-3C67DFADC428}.Debug|x86.Build.0 = Debug|x86
		{28391C85-9275-4E62-A159-3C67DFADC428}.Release|Any CPU.ActiveCfg = Release|x86
		{28391C85-9275-4E62-A159-3C67DFADC428}.Release|Any CPU.Build.0 = Release|x86
		{28391C85-9275-4E62-A159-3C67DFADC428}.Release|x64.ActiveCfg = Release|x86
		{28391C85-9275-4E62-A159-3C67DFADC428}.Release|x64.Build.0 = Release|x86
		{28391C85-9275-4E62-A159-3C67DFADC428}.Release|x86.ActiveCfg = Release|x86
		{28391C85-9275-4E62-A159-3C67DFADC428}.Release|x86.Build.0 = Release|x86
		{A4BAC380-82CB-4DB8-953F-A291F0BEF559}.Debug|Any CPU.ActiveCfg = Debug|Any CPU
		{A4BAC380-82CB-4DB8-953F-A291F0BEF559}.Debug|Any CPU.Build.0 = Debug|Any CPU
		{A4BAC380-82CB-4DB8-953F-A291F0BEF559}.Debug|x64.ActiveCfg = Debug|x64
		{A4BAC380-82CB-4DB8-953F-A291F0BEF559}.Debug|x64.Build.0 = Debug|x64
		{A4BAC380-82CB-4DB8-953F-A291F0BEF559}.Debug|x86.ActiveCfg = Debug|x86
		{A4BAC380-82CB-4DB8-953F-A291F0BEF559}.Debug|x86.Build.0 = Debug|x86
		{A4BAC380-82CB-4DB8-953F-A291F0BEF559}.Release|Any CPU.ActiveCfg = Release|Any CPU
		{A4BAC380-82CB-4DB8-953F-A291F0BEF559}.Release|Any CPU.Build.0 = Release|Any CPU
		{A4BAC380-82CB-4DB8-953F-A291F0BEF559}.Release|x64.ActiveCfg = Release|x64
		{A4BAC380-82CB-4DB8-953F-A291F0BEF559}.Release|x64.Build.0 = Release|x64
		{A4BAC380-82CB-4DB8-953F-A291F0BEF559}.Release|x86.ActiveCfg = Release|x86
		{A4BAC380-82CB-4DB8-953F-A291F0BEF559}.Release|x86.Build.0 = Release|x86
		{18852FDD-B099-4C91-A970-7B4A087B7554}.Debug|Any CPU.ActiveCfg = Debug|Any CPU
		{18852FDD-B099-4C91-A970-7B4A087B7554}.Debug|Any CPU.Build.0 = Debug|Any CPU
		{18852FDD-B099-4C91-A970-7B4A087B7554}.Debug|x64.ActiveCfg = Debug|x64
		{18852FDD-B099-4C91-A970-7B4A087B7554}.Debug|x64.Build.0 = Debug|x64
		{18852FDD-B099-4C91-A970-7B4A087B7554}.Debug|x86.ActiveCfg = Debug|x86
		{18852FDD-B099-4C91-A970-7B4A087B7554}.Debug|x86.Build.0 = Debug|x86
		{18852FDD-B099-4C91-A970-7B4A087B7554}.Release|Any CPU.ActiveCfg = Release|Any CPU
		{18852FDD-B099-4C91-A970-7B4A087B7554}.Release|Any CPU.Build.0 = Release|Any CPU
		{18852FDD-B099-4C91-A970-7B4A087B7554}.Release|x64.ActiveCfg = Release|x64
		{18852FDD-B099-4C91-A970-7B4A087B7554}.Release|x64.Build.0 = Release|x64
		{18852FDD-B099-4C91-A970-7B4A087B7554}.Release|x86.ActiveCfg = Release|x86
		{18852FDD-B099-4C91-A970-7B4A087B7554}.Release|x86.Build.0 = Release|x86
		{B5E51939-46DC-412D-A096-E1C892F95FB3}.Debug|Any CPU.ActiveCfg = Debug|Any CPU
		{B5E51939-46DC-412D-A096-E1C892F95FB3}.Debug|Any CPU.Build.0 = Debug|Any CPU
		{B5E51939-46DC-412D-A096-E1C892F95FB3}.Debug|x64.ActiveCfg = Debug|x64
		{B5E51939-46DC-412D-A096-E1C892F95FB3}.Debug|x64.Build.0 = Debug|x64
		{B5E51939-46DC-412D-A096-E1C892F95FB3}.Debug|x86.ActiveCfg = Debug|x86
		{B5E51939-46DC-412D-A096-E1C892F95FB3}.Debug|x86.Build.0 = Debug|x86
		{B5E51939-46DC-412D-A096-E1C892F95FB3}.Release|Any CPU.ActiveCfg = Release|Any CPU
		{B5E51939-46DC-412D-A096-E1C892F95FB3}.Release|Any CPU.Build.0 = Release|Any CPU
		{B5E51939-46DC-412D-A096-E1C892F95FB3}.Release|x64.ActiveCfg = Release|x64
		{B5E51939-46DC-412D-A096-E1C892F95FB3}.Release|x64.Build.0 = Release|x64
		{B5E51939-46DC-412D-A096-E1C892F95FB3}.Release|x86.ActiveCfg = Release|x86
		{B5E51939-46DC-412D-A096-E1C892F95FB3}.Release|x86.Build.0 = Release|x86
		{FCC9AE41-6562-41D4-AB28-FABB017634F9}.Debug|Any CPU.ActiveCfg = Debug|Any CPU
		{FCC9AE41-6562-41D4-AB28-FABB017634F9}.Debug|Any CPU.Build.0 = Debug|Any CPU
		{FCC9AE41-6562-41D4-AB28-FABB017634F9}.Debug|x64.ActiveCfg = Debug|x64
		{FCC9AE41-6562-41D4-AB28-FABB017634F9}.Debug|x64.Build.0 = Debug|x64
		{FCC9AE41-6562-41D4-AB28-FABB017634F9}.Debug|x86.ActiveCfg = Debug|x86
		{FCC9AE41-6562-41D4-AB28-FABB017634F9}.Debug|x86.Build.0 = Debug|x86
		{FCC9AE41-6562-41D4-AB28-FABB017634F9}.Release|Any CPU.ActiveCfg = Release|Any CPU
		{FCC9AE41-6562-41D4-AB28-FABB017634F9}.Release|Any CPU.Build.0 = Release|Any CPU
		{FCC9AE41-6562-41D4-AB28-FABB017634F9}.Release|x64.ActiveCfg = Release|x64
		{FCC9AE41-6562-41D4-AB28-FABB017634F9}.Release|x64.Build.0 = Release|x64
		{FCC9AE41-6562-41D4-AB28-FABB017634F9}.Release|x86.ActiveCfg = Release|x86
		{FCC9AE41-6562-41D4-AB28-FABB017634F9}.Release|x86.Build.0 = Release|x86
		{0D7D6C77-588E-4371-A815-A58B87653991}.Debug|Any CPU.ActiveCfg = Debug|Any CPU
		{0D7D6C77-588E-4371-A815-A58B87653991}.Debug|Any CPU.Build.0 = Debug|Any CPU
		{0D7D6C77-588E-4371-A815-A58B87653991}.Debug|x64.ActiveCfg = Debug|x64
		{0D7D6C77-588E-4371-A815-A58B87653991}.Debug|x64.Build.0 = Debug|x64
		{0D7D6C77-588E-4371-A815-A58B87653991}.Debug|x86.ActiveCfg = Debug|x86
		{0D7D6C77-588E-4371-A815-A58B87653991}.Debug|x86.Build.0 = Debug|x86
		{0D7D6C77-588E-4371-A815-A58B87653991}.Release|Any CPU.ActiveCfg = Release|Any CPU
		{0D7D6C77-588E-4371-A815-A58B87653991}.Release|Any CPU.Build.0 = Release|Any CPU
		{0D7D6C77-588E-4371-A815-A58B87653991}.Release|x64.ActiveCfg = Release|x64
		{0D7D6C77-588E-4371-A815-A58B87653991}.Release|x64.Build.0 = Release|x64
		{0D7D6C77-588E-4371-A815-A58B87653991}.Release|x86.ActiveCfg = Release|x86
		{0D7D6C77-588E-4371-A815-A58B87653991}.Release|x86.Build.0 = Release|x86
		{A9F0F228-867C-488F-AFDD-6BF53C21EF77}.Debug|Any CPU.ActiveCfg = Debug|Any CPU
		{A9F0F228-867C-488F-AFDD-6BF53C21EF77}.Debug|Any CPU.Build.0 = Debug|Any CPU
		{A9F0F228-867C-488F-AFDD-6BF53C21EF77}.Debug|x64.ActiveCfg = Debug|x64
		{A9F0F228-867C-488F-AFDD-6BF53C21EF77}.Debug|x64.Build.0 = Debug|x64
		{A9F0F228-867C-488F-AFDD-6BF53C21EF77}.Debug|x86.ActiveCfg = Debug|x86
		{A9F0F228-867C-488F-AFDD-6BF53C21EF77}.Debug|x86.Build.0 = Debug|x86
		{A9F0F228-867C-488F-AFDD-6BF53C21EF77}.Release|Any CPU.ActiveCfg = Release|Any CPU
		{A9F0F228-867C-488F-AFDD-6BF53C21EF77}.Release|Any CPU.Build.0 = Release|Any CPU
		{A9F0F228-867C-488F-AFDD-6BF53C21EF77}.Release|x64.ActiveCfg = Release|x64
		{A9F0F228-867C-488F-AFDD-6BF53C21EF77}.Release|x64.Build.0 = Release|x64
		{A9F0F228-867C-488F-AFDD-6BF53C21EF77}.Release|x86.ActiveCfg = Release|x86
		{A9F0F228-867C-488F-AFDD-6BF53C21EF77}.Release|x86.Build.0 = Release|x86
		{C9E6311E-9758-45A1-B8EB-BAB3AF52689C}.Debug|Any CPU.ActiveCfg = Debug|Any CPU
		{C9E6311E-9758-45A1-B8EB-BAB3AF52689C}.Debug|Any CPU.Build.0 = Debug|Any CPU
		{C9E6311E-9758-45A1-B8EB-BAB3AF52689C}.Debug|x64.ActiveCfg = Debug|x64
		{C9E6311E-9758-45A1-B8EB-BAB3AF52689C}.Debug|x64.Build.0 = Debug|x64
		{C9E6311E-9758-45A1-B8EB-BAB3AF52689C}.Debug|x86.ActiveCfg = Debug|x86
		{C9E6311E-9758-45A1-B8EB-BAB3AF52689C}.Debug|x86.Build.0 = Debug|x86
		{C9E6311E-9758-45A1-B8EB-BAB3AF52689C}.Release|Any CPU.ActiveCfg = Release|Any CPU
		{C9E6311E-9758-45A1-B8EB-BAB3AF52689C}.Release|Any CPU.Build.0 = Release|Any CPU
		{C9E6311E-9758-45A1-B8EB-BAB3AF52689C}.Release|x64.ActiveCfg = Release|x64
		{C9E6311E-9758-45A1-B8EB-BAB3AF52689C}.Release|x64.Build.0 = Release|x64
		{C9E6311E-9758-45A1-B8EB-BAB3AF52689C}.Release|x86.ActiveCfg = Release|x86
		{C9E6311E-9758-45A1-B8EB-BAB3AF52689C}.Release|x86.Build.0 = Release|x86
		{8E6A654D-7764-4568-A0D1-3095965D7044}.Debug|Any CPU.ActiveCfg = Debug|Any CPU
		{8E6A654D-7764-4568-A0D1-3095965D7044}.Debug|Any CPU.Build.0 = Debug|Any CPU
		{8E6A654D-7764-4568-A0D1-3095965D7044}.Debug|x64.ActiveCfg = Debug|x64
		{8E6A654D-7764-4568-A0D1-3095965D7044}.Debug|x64.Build.0 = Debug|x64
		{8E6A654D-7764-4568-A0D1-3095965D7044}.Debug|x86.ActiveCfg = Debug|x86
		{8E6A654D-7764-4568-A0D1-3095965D7044}.Debug|x86.Build.0 = Debug|x86
		{8E6A654D-7764-4568-A0D1-3095965D7044}.Release|Any CPU.ActiveCfg = Release|Any CPU
		{8E6A654D-7764-4568-A0D1-3095965D7044}.Release|Any CPU.Build.0 = Release|Any CPU
		{8E6A654D-7764-4568-A0D1-3095965D7044}.Release|x64.ActiveCfg = Release|x64
		{8E6A654D-7764-4568-A0D1-3095965D7044}.Release|x64.Build.0 = Release|x64
		{8E6A654D-7764-4568-A0D1-3095965D7044}.Release|x86.ActiveCfg = Release|x86
		{8E6A654D-7764-4568-A0D1-3095965D7044}.Release|x86.Build.0 = Release|x86
		{E2B22EDC-0716-4666-BD95-0E20053FF21D}.Debug|Any CPU.ActiveCfg = Debug|Any CPU
		{E2B22EDC-0716-4666-BD95-0E20053FF21D}.Debug|Any CPU.Build.0 = Debug|Any CPU
		{E2B22EDC-0716-4666-BD95-0E20053FF21D}.Debug|x64.ActiveCfg = Debug|x64
		{E2B22EDC-0716-4666-BD95-0E20053FF21D}.Debug|x64.Build.0 = Debug|x64
		{E2B22EDC-0716-4666-BD95-0E20053FF21D}.Debug|x86.ActiveCfg = Debug|x86
		{E2B22EDC-0716-4666-BD95-0E20053FF21D}.Debug|x86.Build.0 = Debug|x86
		{E2B22EDC-0716-4666-BD95-0E20053FF21D}.Release|Any CPU.ActiveCfg = Release|Any CPU
		{E2B22EDC-0716-4666-BD95-0E20053FF21D}.Release|Any CPU.Build.0 = Release|Any CPU
		{E2B22EDC-0716-4666-BD95-0E20053FF21D}.Release|x64.ActiveCfg = Release|x64
		{E2B22EDC-0716-4666-BD95-0E20053FF21D}.Release|x64.Build.0 = Release|x64
		{E2B22EDC-0716-4666-BD95-0E20053FF21D}.Release|x86.ActiveCfg = Release|x86
		{E2B22EDC-0716-4666-BD95-0E20053FF21D}.Release|x86.Build.0 = Release|x86
		{C5754ECD-151B-4A16-A510-E657D649AF0D}.Debug|Any CPU.ActiveCfg = Debug|Any CPU
		{C5754ECD-151B-4A16-A510-E657D649AF0D}.Debug|Any CPU.Build.0 = Debug|Any CPU
		{C5754ECD-151B-4A16-A510-E657D649AF0D}.Debug|x64.ActiveCfg = Debug|x64
		{C5754ECD-151B-4A16-A510-E657D649AF0D}.Debug|x64.Build.0 = Debug|x64
		{C5754ECD-151B-4A16-A510-E657D649AF0D}.Debug|x86.ActiveCfg = Debug|x86
		{C5754ECD-151B-4A16-A510-E657D649AF0D}.Debug|x86.Build.0 = Debug|x86
		{C5754ECD-151B-4A16-A510-E657D649AF0D}.Release|Any CPU.ActiveCfg = Release|Any CPU
		{C5754ECD-151B-4A16-A510-E657D649AF0D}.Release|Any CPU.Build.0 = Release|Any CPU
		{C5754ECD-151B-4A16-A510-E657D649AF0D}.Release|x64.ActiveCfg = Release|x64
		{C5754ECD-151B-4A16-A510-E657D649AF0D}.Release|x64.Build.0 = Release|x64
		{C5754ECD-151B-4A16-A510-E657D649AF0D}.Release|x86.ActiveCfg = Release|x86
		{C5754ECD-151B-4A16-A510-E657D649AF0D}.Release|x86.Build.0 = Release|x86
		{0083A175-DABA-4B8D-892C-5015169737A6}.Debug|Any CPU.ActiveCfg = Debug|Any CPU
		{0083A175-DABA-4B8D-892C-5015169737A6}.Debug|Any CPU.Build.0 = Debug|Any CPU
		{0083A175-DABA-4B8D-892C-5015169737A6}.Debug|x64.ActiveCfg = Debug|x64
		{0083A175-DABA-4B8D-892C-5015169737A6}.Debug|x64.Build.0 = Debug|x64
		{0083A175-DABA-4B8D-892C-5015169737A6}.Debug|x86.ActiveCfg = Debug|x86
		{0083A175-DABA-4B8D-892C-5015169737A6}.Debug|x86.Build.0 = Debug|x86
		{0083A175-DABA-4B8D-892C-5015169737A6}.Release|Any CPU.ActiveCfg = Release|Any CPU
		{0083A175-DABA-4B8D-892C-5015169737A6}.Release|Any CPU.Build.0 = Release|Any CPU
		{0083A175-DABA-4B8D-892C-5015169737A6}.Release|x64.ActiveCfg = Release|x64
		{0083A175-DABA-4B8D-892C-5015169737A6}.Release|x64.Build.0 = Release|x64
		{0083A175-DABA-4B8D-892C-5015169737A6}.Release|x86.ActiveCfg = Release|x86
		{0083A175-DABA-4B8D-892C-5015169737A6}.Release|x86.Build.0 = Release|x86
		{889B1F4F-3D57-4AC3-848A-8E036DB94E78}.Debug|Any CPU.ActiveCfg = Debug|Any CPU
		{889B1F4F-3D57-4AC3-848A-8E036DB94E78}.Debug|Any CPU.Build.0 = Debug|Any CPU
		{889B1F4F-3D57-4AC3-848A-8E036DB94E78}.Debug|x64.ActiveCfg = Debug|x64
		{889B1F4F-3D57-4AC3-848A-8E036DB94E78}.Debug|x64.Build.0 = Debug|x64
		{889B1F4F-3D57-4AC3-848A-8E036DB94E78}.Debug|x86.ActiveCfg = Debug|x86
		{889B1F4F-3D57-4AC3-848A-8E036DB94E78}.Debug|x86.Build.0 = Debug|x86
		{889B1F4F-3D57-4AC3-848A-8E036DB94E78}.Release|Any CPU.ActiveCfg = Release|Any CPU
		{889B1F4F-3D57-4AC3-848A-8E036DB94E78}.Release|Any CPU.Build.0 = Release|Any CPU
		{889B1F4F-3D57-4AC3-848A-8E036DB94E78}.Release|x64.ActiveCfg = Release|x64
		{889B1F4F-3D57-4AC3-848A-8E036DB94E78}.Release|x64.Build.0 = Release|x64
		{889B1F4F-3D57-4AC3-848A-8E036DB94E78}.Release|x86.ActiveCfg = Release|x86
		{889B1F4F-3D57-4AC3-848A-8E036DB94E78}.Release|x86.Build.0 = Release|x86
		{3656F006-9CCD-4D55-AEF6-0A83CC57733C}.Debug|Any CPU.ActiveCfg = Debug|Any CPU
		{3656F006-9CCD-4D55-AEF6-0A83CC57733C}.Debug|Any CPU.Build.0 = Debug|Any CPU
		{3656F006-9CCD-4D55-AEF6-0A83CC57733C}.Debug|x64.ActiveCfg = Debug|x64
		{3656F006-9CCD-4D55-AEF6-0A83CC57733C}.Debug|x64.Build.0 = Debug|x64
		{3656F006-9CCD-4D55-AEF6-0A83CC57733C}.Debug|x86.ActiveCfg = Debug|x86
		{3656F006-9CCD-4D55-AEF6-0A83CC57733C}.Debug|x86.Build.0 = Debug|x86
		{3656F006-9CCD-4D55-AEF6-0A83CC57733C}.Release|Any CPU.ActiveCfg = Release|Any CPU
		{3656F006-9CCD-4D55-AEF6-0A83CC57733C}.Release|Any CPU.Build.0 = Release|Any CPU
		{3656F006-9CCD-4D55-AEF6-0A83CC57733C}.Release|x64.ActiveCfg = Release|x64
		{3656F006-9CCD-4D55-AEF6-0A83CC57733C}.Release|x64.Build.0 = Release|x64
		{3656F006-9CCD-4D55-AEF6-0A83CC57733C}.Release|x86.ActiveCfg = Release|x86
		{3656F006-9CCD-4D55-AEF6-0A83CC57733C}.Release|x86.Build.0 = Release|x86
		{D8CCBB69-7FFA-4D24-BDE3-AF491EB3140A}.Debug|Any CPU.ActiveCfg = Debug|Any CPU
		{D8CCBB69-7FFA-4D24-BDE3-AF491EB3140A}.Debug|Any CPU.Build.0 = Debug|Any CPU
		{D8CCBB69-7FFA-4D24-BDE3-AF491EB3140A}.Debug|x64.ActiveCfg = Debug|x64
		{D8CCBB69-7FFA-4D24-BDE3-AF491EB3140A}.Debug|x64.Build.0 = Debug|x64
		{D8CCBB69-7FFA-4D24-BDE3-AF491EB3140A}.Debug|x86.ActiveCfg = Debug|x86
		{D8CCBB69-7FFA-4D24-BDE3-AF491EB3140A}.Debug|x86.Build.0 = Debug|x86
		{D8CCBB69-7FFA-4D24-BDE3-AF491EB3140A}.Release|Any CPU.ActiveCfg = Release|Any CPU
		{D8CCBB69-7FFA-4D24-BDE3-AF491EB3140A}.Release|Any CPU.Build.0 = Release|Any CPU
		{D8CCBB69-7FFA-4D24-BDE3-AF491EB3140A}.Release|x64.ActiveCfg = Release|x64
		{D8CCBB69-7FFA-4D24-BDE3-AF491EB3140A}.Release|x64.Build.0 = Release|x64
		{D8CCBB69-7FFA-4D24-BDE3-AF491EB3140A}.Release|x86.ActiveCfg = Release|x86
		{D8CCBB69-7FFA-4D24-BDE3-AF491EB3140A}.Release|x86.Build.0 = Release|x86
		{9D82F744-6FCB-484A-99A0-1EC38DB7EBD5}.Debug|Any CPU.ActiveCfg = Debug|Any CPU
		{9D82F744-6FCB-484A-99A0-1EC38DB7EBD5}.Debug|Any CPU.Build.0 = Debug|Any CPU
		{9D82F744-6FCB-484A-99A0-1EC38DB7EBD5}.Debug|x64.ActiveCfg = Debug|x64
		{9D82F744-6FCB-484A-99A0-1EC38DB7EBD5}.Debug|x64.Build.0 = Debug|x64
		{9D82F744-6FCB-484A-99A0-1EC38DB7EBD5}.Debug|x86.ActiveCfg = Debug|x86
		{9D82F744-6FCB-484A-99A0-1EC38DB7EBD5}.Debug|x86.Build.0 = Debug|x86
		{9D82F744-6FCB-484A-99A0-1EC38DB7EBD5}.Release|Any CPU.ActiveCfg = Release|Any CPU
		{9D82F744-6FCB-484A-99A0-1EC38DB7EBD5}.Release|Any CPU.Build.0 = Release|Any CPU
		{9D82F744-6FCB-484A-99A0-1EC38DB7EBD5}.Release|x64.ActiveCfg = Release|x64
		{9D82F744-6FCB-484A-99A0-1EC38DB7EBD5}.Release|x64.Build.0 = Release|x64
		{9D82F744-6FCB-484A-99A0-1EC38DB7EBD5}.Release|x86.ActiveCfg = Release|x86
		{9D82F744-6FCB-484A-99A0-1EC38DB7EBD5}.Release|x86.Build.0 = Release|x86
		{8D0231E8-F16A-4D2F-B840-C2BAEB0F39A8}.Debug|Any CPU.ActiveCfg = Debug|Any CPU
		{8D0231E8-F16A-4D2F-B840-C2BAEB0F39A8}.Debug|Any CPU.Build.0 = Debug|Any CPU
		{8D0231E8-F16A-4D2F-B840-C2BAEB0F39A8}.Debug|x64.ActiveCfg = Debug|x64
		{8D0231E8-F16A-4D2F-B840-C2BAEB0F39A8}.Debug|x64.Build.0 = Debug|x64
		{8D0231E8-F16A-4D2F-B840-C2BAEB0F39A8}.Debug|x86.ActiveCfg = Debug|x86
		{8D0231E8-F16A-4D2F-B840-C2BAEB0F39A8}.Debug|x86.Build.0 = Debug|x86
		{8D0231E8-F16A-4D2F-B840-C2BAEB0F39A8}.Release|Any CPU.ActiveCfg = Release|Any CPU
		{8D0231E8-F16A-4D2F-B840-C2BAEB0F39A8}.Release|Any CPU.Build.0 = Release|Any CPU
		{8D0231E8-F16A-4D2F-B840-C2BAEB0F39A8}.Release|x64.ActiveCfg = Release|x64
		{8D0231E8-F16A-4D2F-B840-C2BAEB0F39A8}.Release|x64.Build.0 = Release|x64
		{8D0231E8-F16A-4D2F-B840-C2BAEB0F39A8}.Release|x86.ActiveCfg = Release|x86
		{8D0231E8-F16A-4D2F-B840-C2BAEB0F39A8}.Release|x86.Build.0 = Release|x86
		{51447110-6F70-4C88-ACF0-070DAF4D3B18}.Debug|Any CPU.ActiveCfg = Debug|Any CPU
		{51447110-6F70-4C88-ACF0-070DAF4D3B18}.Debug|Any CPU.Build.0 = Debug|Any CPU
		{51447110-6F70-4C88-ACF0-070DAF4D3B18}.Debug|x64.ActiveCfg = Debug|x64
		{51447110-6F70-4C88-ACF0-070DAF4D3B18}.Debug|x64.Build.0 = Debug|x64
		{51447110-6F70-4C88-ACF0-070DAF4D3B18}.Debug|x86.ActiveCfg = Debug|x86
		{51447110-6F70-4C88-ACF0-070DAF4D3B18}.Debug|x86.Build.0 = Debug|x86
		{51447110-6F70-4C88-ACF0-070DAF4D3B18}.Release|Any CPU.ActiveCfg = Release|Any CPU
		{51447110-6F70-4C88-ACF0-070DAF4D3B18}.Release|Any CPU.Build.0 = Release|Any CPU
		{51447110-6F70-4C88-ACF0-070DAF4D3B18}.Release|x64.ActiveCfg = Release|x64
		{51447110-6F70-4C88-ACF0-070DAF4D3B18}.Release|x64.Build.0 = Release|x64
		{51447110-6F70-4C88-ACF0-070DAF4D3B18}.Release|x86.ActiveCfg = Release|x86
		{51447110-6F70-4C88-ACF0-070DAF4D3B18}.Release|x86.Build.0 = Release|x86
		{87B4A2CA-F402-465D-ACA5-581A55A59969}.Debug|Any CPU.ActiveCfg = Debug|Any CPU
		{87B4A2CA-F402-465D-ACA5-581A55A59969}.Debug|Any CPU.Build.0 = Debug|Any CPU
		{87B4A2CA-F402-465D-ACA5-581A55A59969}.Debug|x64.ActiveCfg = Debug|x64
		{87B4A2CA-F402-465D-ACA5-581A55A59969}.Debug|x64.Build.0 = Debug|x64
		{87B4A2CA-F402-465D-ACA5-581A55A59969}.Debug|x86.ActiveCfg = Debug|x86
		{87B4A2CA-F402-465D-ACA5-581A55A59969}.Debug|x86.Build.0 = Debug|x86
		{87B4A2CA-F402-465D-ACA5-581A55A59969}.Release|Any CPU.ActiveCfg = Release|Any CPU
		{87B4A2CA-F402-465D-ACA5-581A55A59969}.Release|Any CPU.Build.0 = Release|Any CPU
		{87B4A2CA-F402-465D-ACA5-581A55A59969}.Release|x64.ActiveCfg = Release|x64
		{87B4A2CA-F402-465D-ACA5-581A55A59969}.Release|x64.Build.0 = Release|x64
		{87B4A2CA-F402-465D-ACA5-581A55A59969}.Release|x86.ActiveCfg = Release|x86
		{87B4A2CA-F402-465D-ACA5-581A55A59969}.Release|x86.Build.0 = Release|x86
		{9861580E-7A45-413A-971B-4DCAC955A9FF}.Debug|Any CPU.ActiveCfg = Debug|Any CPU
		{9861580E-7A45-413A-971B-4DCAC955A9FF}.Debug|Any CPU.Build.0 = Debug|Any CPU
		{9861580E-7A45-413A-971B-4DCAC955A9FF}.Debug|x64.ActiveCfg = Debug|x64
		{9861580E-7A45-413A-971B-4DCAC955A9FF}.Debug|x64.Build.0 = Debug|x64
		{9861580E-7A45-413A-971B-4DCAC955A9FF}.Debug|x86.ActiveCfg = Debug|x86
		{9861580E-7A45-413A-971B-4DCAC955A9FF}.Debug|x86.Build.0 = Debug|x86
		{9861580E-7A45-413A-971B-4DCAC955A9FF}.Release|Any CPU.ActiveCfg = Release|Any CPU
		{9861580E-7A45-413A-971B-4DCAC955A9FF}.Release|Any CPU.Build.0 = Release|Any CPU
		{9861580E-7A45-413A-971B-4DCAC955A9FF}.Release|x64.ActiveCfg = Release|x64
		{9861580E-7A45-413A-971B-4DCAC955A9FF}.Release|x64.Build.0 = Release|x64
		{9861580E-7A45-413A-971B-4DCAC955A9FF}.Release|x86.ActiveCfg = Release|x86
		{9861580E-7A45-413A-971B-4DCAC955A9FF}.Release|x86.Build.0 = Release|x86
		{F366139B-499B-4557-B1E6-3E74A8F64F74}.Debug|Any CPU.ActiveCfg = Debug|Any CPU
		{F366139B-499B-4557-B1E6-3E74A8F64F74}.Debug|Any CPU.Build.0 = Debug|Any CPU
		{F366139B-499B-4557-B1E6-3E74A8F64F74}.Debug|x64.ActiveCfg = Debug|x64
		{F366139B-499B-4557-B1E6-3E74A8F64F74}.Debug|x64.Build.0 = Debug|x64
		{F366139B-499B-4557-B1E6-3E74A8F64F74}.Debug|x86.ActiveCfg = Debug|x86
		{F366139B-499B-4557-B1E6-3E74A8F64F74}.Debug|x86.Build.0 = Debug|x86
		{F366139B-499B-4557-B1E6-3E74A8F64F74}.Release|Any CPU.ActiveCfg = Release|Any CPU
		{F366139B-499B-4557-B1E6-3E74A8F64F74}.Release|Any CPU.Build.0 = Release|Any CPU
		{F366139B-499B-4557-B1E6-3E74A8F64F74}.Release|x64.ActiveCfg = Release|x64
		{F366139B-499B-4557-B1E6-3E74A8F64F74}.Release|x64.Build.0 = Release|x64
		{F366139B-499B-4557-B1E6-3E74A8F64F74}.Release|x86.ActiveCfg = Release|x86
		{F366139B-499B-4557-B1E6-3E74A8F64F74}.Release|x86.Build.0 = Release|x86
		{47F5E867-9953-435F-BC45-D6F0EE530ADE}.Debug|Any CPU.ActiveCfg = Debug|Any CPU
		{47F5E867-9953-435F-BC45-D6F0EE530ADE}.Debug|Any CPU.Build.0 = Debug|Any CPU
		{47F5E867-9953-435F-BC45-D6F0EE530ADE}.Debug|x64.ActiveCfg = Debug|x64
		{47F5E867-9953-435F-BC45-D6F0EE530ADE}.Debug|x64.Build.0 = Debug|x64
		{47F5E867-9953-435F-BC45-D6F0EE530ADE}.Debug|x86.ActiveCfg = Debug|x86
		{47F5E867-9953-435F-BC45-D6F0EE530ADE}.Debug|x86.Build.0 = Debug|x86
		{47F5E867-9953-435F-BC45-D6F0EE530ADE}.Release|Any CPU.ActiveCfg = Release|Any CPU
		{47F5E867-9953-435F-BC45-D6F0EE530ADE}.Release|Any CPU.Build.0 = Release|Any CPU
		{47F5E867-9953-435F-BC45-D6F0EE530ADE}.Release|x64.ActiveCfg = Release|x64
		{47F5E867-9953-435F-BC45-D6F0EE530ADE}.Release|x64.Build.0 = Release|x64
		{47F5E867-9953-435F-BC45-D6F0EE530ADE}.Release|x86.ActiveCfg = Release|x86
		{47F5E867-9953-435F-BC45-D6F0EE530ADE}.Release|x86.Build.0 = Release|x86
		{1AA3248B-53B2-4700-A69F-7570BD83DD6C}.Debug|Any CPU.ActiveCfg = Debug|Any CPU
		{1AA3248B-53B2-4700-A69F-7570BD83DD6C}.Debug|Any CPU.Build.0 = Debug|Any CPU
		{1AA3248B-53B2-4700-A69F-7570BD83DD6C}.Debug|x64.ActiveCfg = Debug|x64
		{1AA3248B-53B2-4700-A69F-7570BD83DD6C}.Debug|x64.Build.0 = Debug|x64
		{1AA3248B-53B2-4700-A69F-7570BD83DD6C}.Debug|x86.ActiveCfg = Debug|x86
		{1AA3248B-53B2-4700-A69F-7570BD83DD6C}.Debug|x86.Build.0 = Debug|x86
		{1AA3248B-53B2-4700-A69F-7570BD83DD6C}.Release|Any CPU.ActiveCfg = Release|Any CPU
		{1AA3248B-53B2-4700-A69F-7570BD83DD6C}.Release|Any CPU.Build.0 = Release|Any CPU
		{1AA3248B-53B2-4700-A69F-7570BD83DD6C}.Release|x64.ActiveCfg = Release|x64
		{1AA3248B-53B2-4700-A69F-7570BD83DD6C}.Release|x64.Build.0 = Release|x64
		{1AA3248B-53B2-4700-A69F-7570BD83DD6C}.Release|x86.ActiveCfg = Release|x86
		{1AA3248B-53B2-4700-A69F-7570BD83DD6C}.Release|x86.Build.0 = Release|x86
		{E8D44F52-0FA7-45AD-B588-446545C67E99}.Debug|Any CPU.ActiveCfg = Debug|Any CPU
		{E8D44F52-0FA7-45AD-B588-446545C67E99}.Debug|Any CPU.Build.0 = Debug|Any CPU
		{E8D44F52-0FA7-45AD-B588-446545C67E99}.Debug|x64.ActiveCfg = Debug|x64
		{E8D44F52-0FA7-45AD-B588-446545C67E99}.Debug|x64.Build.0 = Debug|x64
		{E8D44F52-0FA7-45AD-B588-446545C67E99}.Debug|x86.ActiveCfg = Debug|x86
		{E8D44F52-0FA7-45AD-B588-446545C67E99}.Debug|x86.Build.0 = Debug|x86
		{E8D44F52-0FA7-45AD-B588-446545C67E99}.Release|Any CPU.ActiveCfg = Release|Any CPU
		{E8D44F52-0FA7-45AD-B588-446545C67E99}.Release|Any CPU.Build.0 = Release|Any CPU
		{E8D44F52-0FA7-45AD-B588-446545C67E99}.Release|x64.ActiveCfg = Release|x64
		{E8D44F52-0FA7-45AD-B588-446545C67E99}.Release|x64.Build.0 = Release|x64
		{E8D44F52-0FA7-45AD-B588-446545C67E99}.Release|x86.ActiveCfg = Release|x86
		{E8D44F52-0FA7-45AD-B588-446545C67E99}.Release|x86.Build.0 = Release|x86
		{718BA6AC-CAD6-4A94-AE8A-8D7C6AD10BBB}.Debug|Any CPU.ActiveCfg = Debug|Any CPU
		{718BA6AC-CAD6-4A94-AE8A-8D7C6AD10BBB}.Debug|Any CPU.Build.0 = Debug|Any CPU
		{718BA6AC-CAD6-4A94-AE8A-8D7C6AD10BBB}.Debug|x64.ActiveCfg = Debug|x64
		{718BA6AC-CAD6-4A94-AE8A-8D7C6AD10BBB}.Debug|x64.Build.0 = Debug|x64
		{718BA6AC-CAD6-4A94-AE8A-8D7C6AD10BBB}.Debug|x86.ActiveCfg = Debug|x86
		{718BA6AC-CAD6-4A94-AE8A-8D7C6AD10BBB}.Debug|x86.Build.0 = Debug|x86
		{718BA6AC-CAD6-4A94-AE8A-8D7C6AD10BBB}.Release|Any CPU.ActiveCfg = Release|Any CPU
		{718BA6AC-CAD6-4A94-AE8A-8D7C6AD10BBB}.Release|Any CPU.Build.0 = Release|Any CPU
		{718BA6AC-CAD6-4A94-AE8A-8D7C6AD10BBB}.Release|x64.ActiveCfg = Release|x64
		{718BA6AC-CAD6-4A94-AE8A-8D7C6AD10BBB}.Release|x64.Build.0 = Release|x64
		{718BA6AC-CAD6-4A94-AE8A-8D7C6AD10BBB}.Release|x86.ActiveCfg = Release|x86
		{718BA6AC-CAD6-4A94-AE8A-8D7C6AD10BBB}.Release|x86.Build.0 = Release|x86
	EndGlobalSection
	GlobalSection(SolutionProperties) = preSolution
		HideSolutionNode = FALSE
	EndGlobalSection
	GlobalSection(NestedProjects) = preSolution
		{A9F0F228-867C-488F-AFDD-6BF53C21EF77} = {71B5C84F-0784-436B-A0D9-A56594464201}
		{C9E6311E-9758-45A1-B8EB-BAB3AF52689C} = {71B5C84F-0784-436B-A0D9-A56594464201}
		{8E6A654D-7764-4568-A0D1-3095965D7044} = {71B5C84F-0784-436B-A0D9-A56594464201}
		{E2B22EDC-0716-4666-BD95-0E20053FF21D} = {71B5C84F-0784-436B-A0D9-A56594464201}
		{C5754ECD-151B-4A16-A510-E657D649AF0D} = {71B5C84F-0784-436B-A0D9-A56594464201}
		{0083A175-DABA-4B8D-892C-5015169737A6} = {71B5C84F-0784-436B-A0D9-A56594464201}
		{889B1F4F-3D57-4AC3-848A-8E036DB94E78} = {71B5C84F-0784-436B-A0D9-A56594464201}
		{3656F006-9CCD-4D55-AEF6-0A83CC57733C} = {71B5C84F-0784-436B-A0D9-A56594464201}
		{D8CCBB69-7FFA-4D24-BDE3-AF491EB3140A} = {71B5C84F-0784-436B-A0D9-A56594464201}
		{9D82F744-6FCB-484A-99A0-1EC38DB7EBD5} = {71B5C84F-0784-436B-A0D9-A56594464201}
		{8D0231E8-F16A-4D2F-B840-C2BAEB0F39A8} = {71B5C84F-0784-436B-A0D9-A56594464201}
		{87B4A2CA-F402-465D-ACA5-581A55A59969} = {8304C9ED-A66A-4217-8FD2-404396F077D3}
		{9861580E-7A45-413A-971B-4DCAC955A9FF} = {EB142A8F-E8BB-4647-88CA-6A91804D5F6A}
		{E8D44F52-0FA7-45AD-B588-446545C67E99} = {71B5C84F-0784-436B-A0D9-A56594464201}
		{718BA6AC-CAD6-4A94-AE8A-8D7C6AD10BBB} = {EB142A8F-E8BB-4647-88CA-6A91804D5F6A}
	EndGlobalSection
	GlobalSection(ExtensibilityGlobals) = postSolution
		SolutionGuid = {37E26178-AF4C-4355-8F20-2DA5F9A09F3E}
	EndGlobalSection
	GlobalSection(Performance) = preSolution
		HasPerformanceSessions = true
	EndGlobalSection
EndGlobal
